// !$*UTF8*$!
{
	archiveVersion = 1;
	classes = {
	};
	objectVersion = 46;
	objects = {

/* Begin PBXBuildFile section */
		13B07FBC1A68108700A75B9A /* AppDelegate.m in Sources */ = {isa = PBXBuildFile; fileRef = 13B07FB01A68108700A75B9A /* AppDelegate.m */; };
		13B07FBD1A68108700A75B9A /* LaunchScreen.xib in Resources */ = {isa = PBXBuildFile; fileRef = 13B07FB11A68108700A75B9A /* LaunchScreen.xib */; };
		13B07FBF1A68108700A75B9A /* Images.xcassets in Resources */ = {isa = PBXBuildFile; fileRef = 13B07FB51A68108700A75B9A /* Images.xcassets */; };
		13B07FC11A68108700A75B9A /* main.m in Sources */ = {isa = PBXBuildFile; fileRef = 13B07FB71A68108700A75B9A /* main.m */; };
		1753964818BB42A28916122B /* videos-active-icon.png in Resources */ = {isa = PBXBuildFile; fileRef = 9F10596813B340D99511D8C3 /* videos-active-icon.png */; };
		3E461D99554A48A4959DE609 /* SplashScreen.storyboard in Resources */ = {isa = PBXBuildFile; fileRef = AA286B85B6C04FC6940260E9 /* SplashScreen.storyboard */; };
		414A49CAED134F4CB5138242 /* weldtech-splash-screen.jpg in Resources */ = {isa = PBXBuildFile; fileRef = 592C29DBA320487695A89E71 /* weldtech-splash-screen.jpg */; };
		5EEE6FDC3A304D02AE7E7D8D /* settings-active-icon.png in Resources */ = {isa = PBXBuildFile; fileRef = 76E33E347A3F429B97AAD9A3 /* settings-active-icon.png */; };
		609445010687434782AF430C /* videos-icon.png in Resources */ = {isa = PBXBuildFile; fileRef = CB8F2299229943319E4A950A /* videos-icon.png */; };
		85BDB2560C094486A6A0146C /* Home-inactive-icon.png in Resources */ = {isa = PBXBuildFile; fileRef = 323822BC7E324369B30D1B43 /* Home-inactive-icon.png */; };
		888EB92B985F4E6DB1B0389B /* share-active-icon.png in Resources */ = {isa = PBXBuildFile; fileRef = E1B7B850281F465EAE553B35 /* share-active-icon.png */; };
		890C6B8C44634381924611E2 /* ic_cancel_grey.png in Resources */ = {isa = PBXBuildFile; fileRef = B900E7277E4E4D4D8DAEA4AE /* ic_cancel_grey.png */; };
		8CF00CE08F174E1FA4A2C10F /* weldtech-icon.png in Resources */ = {isa = PBXBuildFile; fileRef = 6641A8A5CBE44A179DB469CC /* weldtech-icon.png */; };
		96905EF65AED1B983A6B3ABC /* libPods-weldm8mobile.a in Frameworks */ = {isa = PBXBuildFile; fileRef = 58EEBF8E8E6FB1BC6CAF49B5 /* libPods-weldm8mobile.a */; };
		B9995F0C26DE4116A1FA87CB /* ic_drop_down.png in Resources */ = {isa = PBXBuildFile; fileRef = 42F18776364748849FD5AA7E /* ic_drop_down.png */; };
		BB2F792D24A3F905000567C9 /* Expo.plist in Resources */ = {isa = PBXBuildFile; fileRef = BB2F792C24A3F905000567C9 /* Expo.plist */; };
		D9CC996B8B2B4122884BD8CB /* arrow-down.png in Resources */ = {isa = PBXBuildFile; fileRef = F95771168C48460994B05ACF /* arrow-down.png */; };
		F9472B7C24FBBD1400AFB00F /* HelveticaNowDisplayExtraBold.otf in Resources */ = {isa = PBXBuildFile; fileRef = F9472B7B24FBBD1400AFB00F /* HelveticaNowDisplayExtraBold.otf */; };
		F9472B7E24FBBD1800AFB00F /* HelveticaNowDisplayRegular.otf in Resources */ = {isa = PBXBuildFile; fileRef = F9472B7D24FBBD1800AFB00F /* HelveticaNowDisplayRegular.otf */; };
/* End PBXBuildFile section */

/* Begin PBXFileReference section */
		008F07F21AC5B25A0029DE68 /* main.jsbundle */ = {isa = PBXFileReference; fileEncoding = 4; lastKnownFileType = text; path = main.jsbundle; sourceTree = "<group>"; };
		0585D8390E7E4BC2AFD7387F /* FontAwesome5_Brands.ttf */ = {isa = PBXFileReference; explicitFileType = undefined; fileEncoding = 9; includeInIndex = 0; lastKnownFileType = unknown; name = FontAwesome5_Brands.ttf; path = "../node_modules/react-native-vector-icons/Fonts/FontAwesome5_Brands.ttf"; sourceTree = "<group>"; };
		0CA6CCF150834BD895E73428 /* HelveticaNowDisplay-ExtBlk.otf */ = {isa = PBXFileReference; explicitFileType = undefined; fileEncoding = 9; includeInIndex = 0; lastKnownFileType = unknown; name = "HelveticaNowDisplay-ExtBlk.otf"; path = "../src/assets/fonts/HelveticaNowDisplay-ExtBlk.otf"; sourceTree = "<group>"; };
		13B07F961A680F5B00A75B9A /* weldm8mobile.app */ = {isa = PBXFileReference; explicitFileType = wrapper.application; includeInIndex = 0; path = weldm8mobile.app; sourceTree = BUILT_PRODUCTS_DIR; };
		13B07FAF1A68108700A75B9A /* AppDelegate.h */ = {isa = PBXFileReference; fileEncoding = 4; lastKnownFileType = sourcecode.c.h; name = AppDelegate.h; path = weldm8mobile/AppDelegate.h; sourceTree = "<group>"; };
		13B07FB01A68108700A75B9A /* AppDelegate.m */ = {isa = PBXFileReference; fileEncoding = 4; lastKnownFileType = sourcecode.c.objc; name = AppDelegate.m; path = weldm8mobile/AppDelegate.m; sourceTree = "<group>"; };
		13B07FB21A68108700A75B9A /* Base */ = {isa = PBXFileReference; lastKnownFileType = file.xib; name = Base; path = Base.lproj/LaunchScreen.xib; sourceTree = "<group>"; };
		13B07FB51A68108700A75B9A /* Images.xcassets */ = {isa = PBXFileReference; lastKnownFileType = folder.assetcatalog; name = Images.xcassets; path = weldm8mobile/Images.xcassets; sourceTree = "<group>"; };
		13B07FB61A68108700A75B9A /* Info.plist */ = {isa = PBXFileReference; fileEncoding = 4; lastKnownFileType = text.plist.xml; name = Info.plist; path = weldm8mobile/Info.plist; sourceTree = "<group>"; };
		13B07FB71A68108700A75B9A /* main.m */ = {isa = PBXFileReference; fileEncoding = 4; lastKnownFileType = sourcecode.c.objc; name = main.m; path = weldm8mobile/main.m; sourceTree = "<group>"; };
		18945C58BE1A47C39E2123C2 /* Octicons.ttf */ = {isa = PBXFileReference; explicitFileType = undefined; fileEncoding = 9; includeInIndex = 0; lastKnownFileType = unknown; name = Octicons.ttf; path = "../node_modules/react-native-vector-icons/Fonts/Octicons.ttf"; sourceTree = "<group>"; };
		18D89FF0B6254F50A0191331 /* stick-welding-icon.png */ = {isa = PBXFileReference; explicitFileType = undefined; fileEncoding = 9; includeInIndex = 0; lastKnownFileType = unknown; name = "stick-welding-icon.png"; path = "../src/assets/icons/stick-welding-icon.png"; sourceTree = "<group>"; };
		1910EA4011D54526B91080E1 /* HelveticaNowDisplay-Hairline.otf */ = {isa = PBXFileReference; explicitFileType = undefined; fileEncoding = 9; includeInIndex = 0; lastKnownFileType = unknown; name = "HelveticaNowDisplay-Hairline.otf"; path = "../src/assets/fonts/HelveticaNowDisplay-Hairline.otf"; sourceTree = "<group>"; };
		22D10F00DD9F4077A31BBB47 /* HelveticaNowDisplay-Black.otf */ = {isa = PBXFileReference; explicitFileType = undefined; fileEncoding = 9; includeInIndex = 0; lastKnownFileType = unknown; name = "HelveticaNowDisplay-Black.otf"; path = "../src/assets/fonts/HelveticaNowDisplay-Black.otf"; sourceTree = "<group>"; };
		244E4BEA1DA4433AA0C15058 /* FontAwesome.ttf */ = {isa = PBXFileReference; explicitFileType = undefined; fileEncoding = 9; includeInIndex = 0; lastKnownFileType = unknown; name = FontAwesome.ttf; path = "../node_modules/react-native-vector-icons/Fonts/FontAwesome.ttf"; sourceTree = "<group>"; };
		27428C71711D4DA1A2C8FE25 /* HelveticaNowDisplay-Thin.otf */ = {isa = PBXFileReference; explicitFileType = undefined; fileEncoding = 9; includeInIndex = 0; lastKnownFileType = unknown; name = "HelveticaNowDisplay-Thin.otf"; path = "../src/assets/fonts/HelveticaNowDisplay-Thin.otf"; sourceTree = "<group>"; };
		2C65DFC88778405F8F39761C /* share-icon.png */ = {isa = PBXFileReference; explicitFileType = undefined; fileEncoding = 9; includeInIndex = 0; lastKnownFileType = unknown; name = "share-icon.png"; path = "../src/assets/icons/share-icon.png"; sourceTree = "<group>"; };
		2E03CACA300C4DD4B7159F40 /* weldtech-logo.png */ = {isa = PBXFileReference; explicitFileType = undefined; fileEncoding = 9; includeInIndex = 0; lastKnownFileType = unknown; name = "weldtech-logo.png"; path = "../src/assets/weldtech-logo.png"; sourceTree = "<group>"; };
		3209C51C1F2943F591CD4CB6 /* HelveticaNowDisplay-Regular.otf */ = {isa = PBXFileReference; explicitFileType = undefined; fileEncoding = 9; includeInIndex = 0; lastKnownFileType = unknown; name = "HelveticaNowDisplay-Regular.otf"; path = "../src/assets/fonts/HelveticaNowDisplay-Regular.otf"; sourceTree = "<group>"; };
		3217D8D6BDCA404EA57CA2AC /* Entypo.ttf */ = {isa = PBXFileReference; explicitFileType = undefined; fileEncoding = 9; includeInIndex = 0; lastKnownFileType = unknown; name = Entypo.ttf; path = "../node_modules/react-native-vector-icons/Fonts/Entypo.ttf"; sourceTree = "<group>"; };
		323822BC7E324369B30D1B43 /* Home-inactive-icon.png */ = {isa = PBXFileReference; explicitFileType = undefined; fileEncoding = 9; includeInIndex = 0; lastKnownFileType = unknown; name = "Home-inactive-icon.png"; path = "../src/assets/icons/Home-inactive-icon.png"; sourceTree = "<group>"; };
		37B09C96FE4145F0A19AAB0C /* mig-welding-icon-02.png */ = {isa = PBXFileReference; explicitFileType = undefined; fileEncoding = 9; includeInIndex = 0; lastKnownFileType = unknown; name = "mig-welding-icon-02.png"; path = "../src/assets/icons/mig-welding-icon-02.png"; sourceTree = "<group>"; };
		42F18776364748849FD5AA7E /* ic_drop_down.png */ = {isa = PBXFileReference; explicitFileType = undefined; fileEncoding = 9; includeInIndex = 0; lastKnownFileType = unknown; name = ic_drop_down.png; path = ../src/assets/icons/ic_drop_down.png; sourceTree = "<group>"; };
		4847D28121DA4272A598E1C2 /* AntDesign.ttf */ = {isa = PBXFileReference; explicitFileType = undefined; fileEncoding = 9; includeInIndex = 0; lastKnownFileType = unknown; name = AntDesign.ttf; path = "../node_modules/react-native-vector-icons/Fonts/AntDesign.ttf"; sourceTree = "<group>"; };
		51675B85A97D470FA1D2C011 /* HelveticaNowDisplay-RegIta.otf */ = {isa = PBXFileReference; explicitFileType = undefined; fileEncoding = 9; includeInIndex = 0; lastKnownFileType = unknown; name = "HelveticaNowDisplay-RegIta.otf"; path = "../src/assets/fonts/HelveticaNowDisplay-RegIta.otf"; sourceTree = "<group>"; };
		58EEBF8E8E6FB1BC6CAF49B5 /* libPods-weldm8mobile.a */ = {isa = PBXFileReference; explicitFileType = archive.ar; includeInIndex = 0; path = "libPods-weldm8mobile.a"; sourceTree = BUILT_PRODUCTS_DIR; };
		592C29DBA320487695A89E71 /* weldtech-splash-screen.jpg */ = {isa = PBXFileReference; explicitFileType = undefined; fileEncoding = 9; includeInIndex = 0; lastKnownFileType = unknown; name = "weldtech-splash-screen.jpg"; path = "../src/assets/images/weldtech-splash-screen.jpg"; sourceTree = "<group>"; };
		62D9BCF44438418B89AF43D1 /* settings-icon.png */ = {isa = PBXFileReference; explicitFileType = undefined; fileEncoding = 9; includeInIndex = 0; lastKnownFileType = unknown; name = "settings-icon.png"; path = "../src/assets/settings-icon.png"; sourceTree = "<group>"; };
		63032B9036CC4D3D99C2704F /* FontAwesome5_Regular.ttf */ = {isa = PBXFileReference; explicitFileType = undefined; fileEncoding = 9; includeInIndex = 0; lastKnownFileType = unknown; name = FontAwesome5_Regular.ttf; path = "../node_modules/react-native-vector-icons/Fonts/FontAwesome5_Regular.ttf"; sourceTree = "<group>"; };
		657895498C0E4424BE590D0E /* MaterialIcons.ttf */ = {isa = PBXFileReference; explicitFileType = undefined; fileEncoding = 9; includeInIndex = 0; lastKnownFileType = unknown; name = MaterialIcons.ttf; path = "../node_modules/react-native-vector-icons/Fonts/MaterialIcons.ttf"; sourceTree = "<group>"; };
		6641A8A5CBE44A179DB469CC /* weldtech-icon.png */ = {isa = PBXFileReference; explicitFileType = undefined; fileEncoding = 9; includeInIndex = 0; lastKnownFileType = unknown; name = "weldtech-icon.png"; path = "../src/assets/weldtech-icon.png"; sourceTree = "<group>"; };
		6BBD4E2E6ABA40029568945E /* HelveticaNowDisplay-ExtraBold.ttf */ = {isa = PBXFileReference; explicitFileType = undefined; fileEncoding = 9; includeInIndex = 0; lastKnownFileType = unknown; name = "HelveticaNowDisplay-ExtraBold.ttf"; path = "../src/assets/fonts/HelveticaNowDisplay-ExtraBold.ttf"; sourceTree = "<group>"; };
		6C2E3173556A471DD304B334 /* Pods-weldm8mobile.debug.xcconfig */ = {isa = PBXFileReference; includeInIndex = 1; lastKnownFileType = text.xcconfig; name = "Pods-weldm8mobile.debug.xcconfig"; path = "Target Support Files/Pods-weldm8mobile/Pods-weldm8mobile.debug.xcconfig"; sourceTree = "<group>"; };
		6C5DD91F3EB542BB98985F44 /* Feather.ttf */ = {isa = PBXFileReference; explicitFileType = undefined; fileEncoding = 9; includeInIndex = 0; lastKnownFileType = unknown; name = Feather.ttf; path = "../node_modules/react-native-vector-icons/Fonts/Feather.ttf"; sourceTree = "<group>"; };
		7068CF0CE8B84FC8AFB63D71 /* MaterialCommunityIcons.ttf */ = {isa = PBXFileReference; explicitFileType = undefined; fileEncoding = 9; includeInIndex = 0; lastKnownFileType = unknown; name = MaterialCommunityIcons.ttf; path = "../node_modules/react-native-vector-icons/Fonts/MaterialCommunityIcons.ttf"; sourceTree = "<group>"; };
		707BED004E0F4D0AA420A505 /* HelveticaNowDisplay-Bold.otf */ = {isa = PBXFileReference; explicitFileType = undefined; fileEncoding = 9; includeInIndex = 0; lastKnownFileType = unknown; name = "HelveticaNowDisplay-Bold.otf"; path = "../src/assets/fonts/HelveticaNowDisplay-Bold.otf"; sourceTree = "<group>"; };
		70DFB0B4426A40DBB78FCECA /* HelveticaNowDisplay-ExtLt.otf */ = {isa = PBXFileReference; explicitFileType = undefined; fileEncoding = 9; includeInIndex = 0; lastKnownFileType = unknown; name = "HelveticaNowDisplay-ExtLt.otf"; path = "../src/assets/fonts/HelveticaNowDisplay-ExtLt.otf"; sourceTree = "<group>"; };
		7132B036BF1A433EBD241904 /* HelveticaNowDisplay-BlackIta.otf */ = {isa = PBXFileReference; explicitFileType = undefined; fileEncoding = 9; includeInIndex = 0; lastKnownFileType = unknown; name = "HelveticaNowDisplay-BlackIta.otf"; path = "../src/assets/fonts/HelveticaNowDisplay-BlackIta.otf"; sourceTree = "<group>"; };
		7550F9EACCED42DAAE1BEFE5 /* share-icon.png */ = {isa = PBXFileReference; explicitFileType = undefined; fileEncoding = 9; includeInIndex = 0; lastKnownFileType = unknown; name = "share-icon.png"; path = "../src/assets/share-icon.png"; sourceTree = "<group>"; };
		76E33E347A3F429B97AAD9A3 /* settings-active-icon.png */ = {isa = PBXFileReference; explicitFileType = undefined; fileEncoding = 9; includeInIndex = 0; lastKnownFileType = unknown; name = "settings-active-icon.png"; path = "../src/assets/icons/settings-active-icon.png"; sourceTree = "<group>"; };
		77CD47D2FB8A498F9A00351D /* videos-icon.png */ = {isa = PBXFileReference; explicitFileType = undefined; fileEncoding = 9; includeInIndex = 0; lastKnownFileType = unknown; name = "videos-icon.png"; path = "../src/assets/videos-icon.png"; sourceTree = "<group>"; };
		7A4D352CD337FB3A3BF06240 /* Pods-weldm8mobile.release.xcconfig */ = {isa = PBXFileReference; includeInIndex = 1; lastKnownFileType = text.xcconfig; name = "Pods-weldm8mobile.release.xcconfig"; path = "Target Support Files/Pods-weldm8mobile/Pods-weldm8mobile.release.xcconfig"; sourceTree = "<group>"; };
		878A10379AA14B48B174C8D0 /* EvilIcons.ttf */ = {isa = PBXFileReference; explicitFileType = undefined; fileEncoding = 9; includeInIndex = 0; lastKnownFileType = unknown; name = EvilIcons.ttf; path = "../node_modules/react-native-vector-icons/Fonts/EvilIcons.ttf"; sourceTree = "<group>"; };
		8CFB5966822448A2B6E93C37 /* weldtech-logo.png */ = {isa = PBXFileReference; explicitFileType = undefined; fileEncoding = 9; includeInIndex = 0; lastKnownFileType = unknown; name = "weldtech-logo.png"; path = "../src/assets/icons/weldtech-logo.png"; sourceTree = "<group>"; };
		8F3EF71B119B478C9A0E09A6 /* HelveticaNowDisplay-Light.otf */ = {isa = PBXFileReference; explicitFileType = undefined; fileEncoding = 9; includeInIndex = 0; lastKnownFileType = unknown; name = "HelveticaNowDisplay-Light.otf"; path = "../src/assets/fonts/HelveticaNowDisplay-Light.otf"; sourceTree = "<group>"; };
		95E1573E92C94CF289BC184A /* settings-icon.png */ = {isa = PBXFileReference; explicitFileType = undefined; fileEncoding = 9; includeInIndex = 0; lastKnownFileType = unknown; name = "settings-icon.png"; path = "../src/assets/icons/settings-icon.png"; sourceTree = "<group>"; };
		97253FA686654E0588DAE80D /* home-icon.png */ = {isa = PBXFileReference; explicitFileType = undefined; fileEncoding = 9; includeInIndex = 0; lastKnownFileType = unknown; name = "home-icon.png"; path = "../src/assets/home-icon.png"; sourceTree = "<group>"; };
		9F10596813B340D99511D8C3 /* videos-active-icon.png */ = {isa = PBXFileReference; explicitFileType = undefined; fileEncoding = 9; includeInIndex = 0; lastKnownFileType = unknown; name = "videos-active-icon.png"; path = "../src/assets/icons/videos-active-icon.png"; sourceTree = "<group>"; };
		AA286B85B6C04FC6940260E9 /* SplashScreen.storyboard */ = {isa = PBXFileReference; fileEncoding = 4; lastKnownFileType = file.storyboard; name = SplashScreen.storyboard; path = weldm8mobile/SplashScreen.storyboard; sourceTree = "<group>"; };
		ADDA81FA85C840FEB96B6EF2 /* weldtech-app-top-banner.png */ = {isa = PBXFileReference; explicitFileType = undefined; fileEncoding = 9; includeInIndex = 0; lastKnownFileType = unknown; name = "weldtech-app-top-banner.png"; path = "../src/assets/weldtech-app-top-banner.png"; sourceTree = "<group>"; };
		AE3B05E648D84601A35B9105 /* mig-welding-icon-01.png */ = {isa = PBXFileReference; explicitFileType = undefined; fileEncoding = 9; includeInIndex = 0; lastKnownFileType = unknown; name = "mig-welding-icon-01.png"; path = "../src/assets/mig-welding-icon-01.png"; sourceTree = "<group>"; };
		AE45BCE15EA94C87AAE21C99 /* stick-welding-icon.png */ = {isa = PBXFileReference; explicitFileType = undefined; fileEncoding = 9; includeInIndex = 0; lastKnownFileType = unknown; name = "stick-welding-icon.png"; path = "../src/assets/stick-welding-icon.png"; sourceTree = "<group>"; };
		B219CA53FF304CA9BE9B800D /* HelveticaNowDisplay-ThinIta.otf */ = {isa = PBXFileReference; explicitFileType = undefined; fileEncoding = 9; includeInIndex = 0; lastKnownFileType = unknown; name = "HelveticaNowDisplay-ThinIta.otf"; path = "../src/assets/fonts/HelveticaNowDisplay-ThinIta.otf"; sourceTree = "<group>"; };
		B266C3E0B8D74145825AC721 /* HelveticaNowDisplay-HairlineI.otf */ = {isa = PBXFileReference; explicitFileType = undefined; fileEncoding = 9; includeInIndex = 0; lastKnownFileType = unknown; name = "HelveticaNowDisplay-HairlineI.otf"; path = "../src/assets/fonts/HelveticaNowDisplay-HairlineI.otf"; sourceTree = "<group>"; };
		B5C9CE63F3CD4EFA981D49DB /* HelveticaNowDisplay-Medium.otf */ = {isa = PBXFileReference; explicitFileType = undefined; fileEncoding = 9; includeInIndex = 0; lastKnownFileType = unknown; name = "HelveticaNowDisplay-Medium.otf"; path = "../src/assets/fonts/HelveticaNowDisplay-Medium.otf"; sourceTree = "<group>"; };
		B68723BF99654EF9A2C804D3 /* HelveticaNowDisplay-BoldIta.otf */ = {isa = PBXFileReference; explicitFileType = undefined; fileEncoding = 9; includeInIndex = 0; lastKnownFileType = unknown; name = "HelveticaNowDisplay-BoldIta.otf"; path = "../src/assets/fonts/HelveticaNowDisplay-BoldIta.otf"; sourceTree = "<group>"; };
		B900E7277E4E4D4D8DAEA4AE /* ic_cancel_grey.png */ = {isa = PBXFileReference; explicitFileType = undefined; fileEncoding = 9; includeInIndex = 0; lastKnownFileType = unknown; name = ic_cancel_grey.png; path = ../src/assets/icons/ic_cancel_grey.png; sourceTree = "<group>"; };
		BB2F792C24A3F905000567C9 /* Expo.plist */ = {isa = PBXFileReference; fileEncoding = 4; lastKnownFileType = text.plist.xml; path = Expo.plist; sourceTree = "<group>"; };
		C7312BF03A0F4214A837D880 /* HelveticaNowDisplay-ExtBlkIta.otf */ = {isa = PBXFileReference; explicitFileType = undefined; fileEncoding = 9; includeInIndex = 0; lastKnownFileType = unknown; name = "HelveticaNowDisplay-ExtBlkIta.otf"; path = "../src/assets/fonts/HelveticaNowDisplay-ExtBlkIta.otf"; sourceTree = "<group>"; };
		C82DA3A757394BD7BB9E212D /* HelveticaNowDisplay-ExtBdIta.otf */ = {isa = PBXFileReference; explicitFileType = undefined; fileEncoding = 9; includeInIndex = 0; lastKnownFileType = unknown; name = "HelveticaNowDisplay-ExtBdIta.otf"; path = "../src/assets/fonts/HelveticaNowDisplay-ExtBdIta.otf"; sourceTree = "<group>"; };
		CB8F2299229943319E4A950A /* videos-icon.png */ = {isa = PBXFileReference; explicitFileType = undefined; fileEncoding = 9; includeInIndex = 0; lastKnownFileType = unknown; name = "videos-icon.png"; path = "../src/assets/icons/videos-icon.png"; sourceTree = "<group>"; };
		D25CE4801E034368A0EA343E /* Foundation.ttf */ = {isa = PBXFileReference; explicitFileType = undefined; fileEncoding = 9; includeInIndex = 0; lastKnownFileType = unknown; name = Foundation.ttf; path = "../node_modules/react-native-vector-icons/Fonts/Foundation.ttf"; sourceTree = "<group>"; };
		D74517293B3947D58F91AB97 /* weldtech-app-top-banner.png */ = {isa = PBXFileReference; explicitFileType = undefined; fileEncoding = 9; includeInIndex = 0; lastKnownFileType = unknown; name = "weldtech-app-top-banner.png"; path = "../src/assets/icons/weldtech-app-top-banner.png"; sourceTree = "<group>"; };
		E05C5B76C19E4ABFBA580D95 /* SimpleLineIcons.ttf */ = {isa = PBXFileReference; explicitFileType = undefined; fileEncoding = 9; includeInIndex = 0; lastKnownFileType = unknown; name = SimpleLineIcons.ttf; path = "../node_modules/react-native-vector-icons/Fonts/SimpleLineIcons.ttf"; sourceTree = "<group>"; };
		E1B7B850281F465EAE553B35 /* share-active-icon.png */ = {isa = PBXFileReference; explicitFileType = undefined; fileEncoding = 9; includeInIndex = 0; lastKnownFileType = unknown; name = "share-active-icon.png"; path = "../src/assets/icons/share-active-icon.png"; sourceTree = "<group>"; };
		E201D16B8DEF4EEA8362C4A2 /* HelveticaNowDisplay-LightIta.otf */ = {isa = PBXFileReference; explicitFileType = undefined; fileEncoding = 9; includeInIndex = 0; lastKnownFileType = unknown; name = "HelveticaNowDisplay-LightIta.otf"; path = "../src/assets/fonts/HelveticaNowDisplay-LightIta.otf"; sourceTree = "<group>"; };
		E5A108699E334ACC988450E0 /* tig-welding-icon.png */ = {isa = PBXFileReference; explicitFileType = undefined; fileEncoding = 9; includeInIndex = 0; lastKnownFileType = unknown; name = "tig-welding-icon.png"; path = "../src/assets/icons/tig-welding-icon.png"; sourceTree = "<group>"; };
		E6266CBFAAD4413A808E5F0F /* HelveticaNowDisplay-MedIta.otf */ = {isa = PBXFileReference; explicitFileType = undefined; fileEncoding = 9; includeInIndex = 0; lastKnownFileType = unknown; name = "HelveticaNowDisplay-MedIta.otf"; path = "../src/assets/fonts/HelveticaNowDisplay-MedIta.otf"; sourceTree = "<group>"; };
		E961EB1356B245C8943A09A0 /* home-icon.png */ = {isa = PBXFileReference; explicitFileType = undefined; fileEncoding = 9; includeInIndex = 0; lastKnownFileType = unknown; name = "home-icon.png"; path = "../src/assets/icons/home-icon.png"; sourceTree = "<group>"; };
		E9E7FECC75C34910B7CBDDF0 /* FontAwesome5_Solid.ttf */ = {isa = PBXFileReference; explicitFileType = undefined; fileEncoding = 9; includeInIndex = 0; lastKnownFileType = unknown; name = FontAwesome5_Solid.ttf; path = "../node_modules/react-native-vector-icons/Fonts/FontAwesome5_Solid.ttf"; sourceTree = "<group>"; };
		EC4A5FA46A514E74A960A003 /* Fontisto.ttf */ = {isa = PBXFileReference; explicitFileType = undefined; fileEncoding = 9; includeInIndex = 0; lastKnownFileType = unknown; name = Fontisto.ttf; path = "../node_modules/react-native-vector-icons/Fonts/Fontisto.ttf"; sourceTree = "<group>"; };
		ED297162215061F000B7C4FE /* JavaScriptCore.framework */ = {isa = PBXFileReference; lastKnownFileType = wrapper.framework; name = JavaScriptCore.framework; path = System/Library/Frameworks/JavaScriptCore.framework; sourceTree = SDKROOT; };
		ED2971642150620600B7C4FE /* JavaScriptCore.framework */ = {isa = PBXFileReference; lastKnownFileType = wrapper.framework; name = JavaScriptCore.framework; path = Platforms/AppleTVOS.platform/Developer/SDKs/AppleTVOS12.0.sdk/System/Library/Frameworks/JavaScriptCore.framework; sourceTree = DEVELOPER_DIR; };
		ED79B18029E94E0DBB861FBD /* mig-welding-icon-01.png */ = {isa = PBXFileReference; explicitFileType = undefined; fileEncoding = 9; includeInIndex = 0; lastKnownFileType = unknown; name = "mig-welding-icon-01.png"; path = "../src/assets/icons/mig-welding-icon-01.png"; sourceTree = "<group>"; };
		F08D99D115B840428081DE3B /* Zocial.ttf */ = {isa = PBXFileReference; explicitFileType = undefined; fileEncoding = 9; includeInIndex = 0; lastKnownFileType = unknown; name = Zocial.ttf; path = "../node_modules/react-native-vector-icons/Fonts/Zocial.ttf"; sourceTree = "<group>"; };
		F1F274C9A03246699B001DBC /* mig-welding-icon-02.png */ = {isa = PBXFileReference; explicitFileType = undefined; fileEncoding = 9; includeInIndex = 0; lastKnownFileType = unknown; name = "mig-welding-icon-02.png"; path = "../src/assets/mig-welding-icon-02.png"; sourceTree = "<group>"; };
		F26F7522B169452CBF0F6EAE /* HelveticaNowDisplay-ExtLtIta.otf */ = {isa = PBXFileReference; explicitFileType = undefined; fileEncoding = 9; includeInIndex = 0; lastKnownFileType = unknown; name = "HelveticaNowDisplay-ExtLtIta.otf"; path = "../src/assets/fonts/HelveticaNowDisplay-ExtLtIta.otf"; sourceTree = "<group>"; };
		F92B5D549A2F4638A2B20582 /* tig-welding-icon.png */ = {isa = PBXFileReference; explicitFileType = undefined; fileEncoding = 9; includeInIndex = 0; lastKnownFileType = unknown; name = "tig-welding-icon.png"; path = "../src/assets/tig-welding-icon.png"; sourceTree = "<group>"; };
		F9472B7B24FBBD1400AFB00F /* HelveticaNowDisplayExtraBold.otf */ = {isa = PBXFileReference; lastKnownFileType = file; path = HelveticaNowDisplayExtraBold.otf; sourceTree = "<group>"; };
		F9472B7D24FBBD1800AFB00F /* HelveticaNowDisplayRegular.otf */ = {isa = PBXFileReference; lastKnownFileType = file; path = HelveticaNowDisplayRegular.otf; sourceTree = "<group>"; };
		F95771168C48460994B05ACF /* arrow-down.png */ = {isa = PBXFileReference; explicitFileType = undefined; fileEncoding = 9; includeInIndex = 0; lastKnownFileType = unknown; name = "arrow-down.png"; path = "../src/assets/icons/arrow-down.png"; sourceTree = "<group>"; };
		F967EC5E24F6B933003F9148 /* MaterialIcons.ttf */ = {isa = PBXFileReference; lastKnownFileType = file; name = MaterialIcons.ttf; path = "../../node_modules/react-native-vector-icons/Fonts/MaterialIcons.ttf"; sourceTree = "<group>"; };
		F967EC5F24F6B933003F9148 /* FontAwesome.ttf */ = {isa = PBXFileReference; lastKnownFileType = file; name = FontAwesome.ttf; path = "../../node_modules/react-native-vector-icons/Fonts/FontAwesome.ttf"; sourceTree = "<group>"; };
		F967EC6024F6B933003F9148 /* EvilIcons.ttf */ = {isa = PBXFileReference; lastKnownFileType = file; name = EvilIcons.ttf; path = "../../node_modules/react-native-vector-icons/Fonts/EvilIcons.ttf"; sourceTree = "<group>"; };
		F967EC6124F6B933003F9148 /* AntDesign.ttf */ = {isa = PBXFileReference; lastKnownFileType = file; name = AntDesign.ttf; path = "../../node_modules/react-native-vector-icons/Fonts/AntDesign.ttf"; sourceTree = "<group>"; };
		F967EC6224F6B933003F9148 /* FontAwesome5_Solid.ttf */ = {isa = PBXFileReference; lastKnownFileType = file; name = FontAwesome5_Solid.ttf; path = "../../node_modules/react-native-vector-icons/Fonts/FontAwesome5_Solid.ttf"; sourceTree = "<group>"; };
		F967EC6324F6B933003F9148 /* Octicons.ttf */ = {isa = PBXFileReference; lastKnownFileType = file; name = Octicons.ttf; path = "../../node_modules/react-native-vector-icons/Fonts/Octicons.ttf"; sourceTree = "<group>"; };
		F967EC6424F6B933003F9148 /* SimpleLineIcons.ttf */ = {isa = PBXFileReference; lastKnownFileType = file; name = SimpleLineIcons.ttf; path = "../../node_modules/react-native-vector-icons/Fonts/SimpleLineIcons.ttf"; sourceTree = "<group>"; };
		F967EC6524F6B933003F9148 /* FontAwesome5_Brands.ttf */ = {isa = PBXFileReference; lastKnownFileType = file; name = FontAwesome5_Brands.ttf; path = "../../node_modules/react-native-vector-icons/Fonts/FontAwesome5_Brands.ttf"; sourceTree = "<group>"; };
		F967EC6624F6B934003F9148 /* Entypo.ttf */ = {isa = PBXFileReference; lastKnownFileType = file; name = Entypo.ttf; path = "../../node_modules/react-native-vector-icons/Fonts/Entypo.ttf"; sourceTree = "<group>"; };
		F967EC6724F6B934003F9148 /* Ionicons.ttf */ = {isa = PBXFileReference; lastKnownFileType = file; name = Ionicons.ttf; path = "../../node_modules/react-native-vector-icons/Fonts/Ionicons.ttf"; sourceTree = "<group>"; };
		F967EC6824F6B934003F9148 /* Zocial.ttf */ = {isa = PBXFileReference; lastKnownFileType = file; name = Zocial.ttf; path = "../../node_modules/react-native-vector-icons/Fonts/Zocial.ttf"; sourceTree = "<group>"; };
		F967EC6924F6B934003F9148 /* Foundation.ttf */ = {isa = PBXFileReference; lastKnownFileType = file; name = Foundation.ttf; path = "../../node_modules/react-native-vector-icons/Fonts/Foundation.ttf"; sourceTree = "<group>"; };
		F967EC6A24F6B934003F9148 /* MaterialCommunityIcons.ttf */ = {isa = PBXFileReference; lastKnownFileType = file; name = MaterialCommunityIcons.ttf; path = "../../node_modules/react-native-vector-icons/Fonts/MaterialCommunityIcons.ttf"; sourceTree = "<group>"; };
		F967EC6B24F6B934003F9148 /* Fontisto.ttf */ = {isa = PBXFileReference; lastKnownFileType = file; name = Fontisto.ttf; path = "../../node_modules/react-native-vector-icons/Fonts/Fontisto.ttf"; sourceTree = "<group>"; };
		F967EC6C24F6B934003F9148 /* Feather.ttf */ = {isa = PBXFileReference; lastKnownFileType = file; name = Feather.ttf; path = "../../node_modules/react-native-vector-icons/Fonts/Feather.ttf"; sourceTree = "<group>"; };
		F967EC6D24F6B934003F9148 /* FontAwesome5_Regular.ttf */ = {isa = PBXFileReference; lastKnownFileType = file; name = FontAwesome5_Regular.ttf; path = "../../node_modules/react-native-vector-icons/Fonts/FontAwesome5_Regular.ttf"; sourceTree = "<group>"; };
		FA3606F3A0204E7992C160CB /* Ionicons.ttf */ = {isa = PBXFileReference; explicitFileType = undefined; fileEncoding = 9; includeInIndex = 0; lastKnownFileType = unknown; name = Ionicons.ttf; path = "../node_modules/react-native-vector-icons/Fonts/Ionicons.ttf"; sourceTree = "<group>"; };
/* End PBXFileReference section */

/* Begin PBXFrameworksBuildPhase section */
		13B07F8C1A680F5B00A75B9A /* Frameworks */ = {
			isa = PBXFrameworksBuildPhase;
			buildActionMask = 2147483647;
			files = (
				96905EF65AED1B983A6B3ABC /* libPods-weldm8mobile.a in Frameworks */,
			);
			runOnlyForDeploymentPostprocessing = 0;
		};
/* End PBXFrameworksBuildPhase section */

/* Begin PBXGroup section */
		13B07FAE1A68108700A75B9A /* weldm8mobile */ = {
			isa = PBXGroup;
			children = (
				BB2F792B24A3F905000567C9 /* Supporting */,
				008F07F21AC5B25A0029DE68 /* main.jsbundle */,
				13B07FAF1A68108700A75B9A /* AppDelegate.h */,
				13B07FB01A68108700A75B9A /* AppDelegate.m */,
				13B07FB51A68108700A75B9A /* Images.xcassets */,
				13B07FB61A68108700A75B9A /* Info.plist */,
				13B07FB11A68108700A75B9A /* LaunchScreen.xib */,
				13B07FB71A68108700A75B9A /* main.m */,
				AA286B85B6C04FC6940260E9 /* SplashScreen.storyboard */,
			);
			name = weldm8mobile;
			sourceTree = "<group>";
		};
		2D16E6871FA4F8E400B85C8A /* Frameworks */ = {
			isa = PBXGroup;
			children = (
				ED297162215061F000B7C4FE /* JavaScriptCore.framework */,
				ED2971642150620600B7C4FE /* JavaScriptCore.framework */,
				58EEBF8E8E6FB1BC6CAF49B5 /* libPods-weldm8mobile.a */,
			);
			name = Frameworks;
			sourceTree = "<group>";
		};
		832341AE1AAA6A7D00B99B32 /* Libraries */ = {
			isa = PBXGroup;
			children = (
			);
			name = Libraries;
			sourceTree = "<group>";
		};
		83CBB9F61A601CBA00E9B192 = {
			isa = PBXGroup;
			children = (
				F967EC5D24F6B922003F9148 /* Fonts */,
				13B07FAE1A68108700A75B9A /* weldm8mobile */,
				832341AE1AAA6A7D00B99B32 /* Libraries */,
				83CBBA001A601CBA00E9B192 /* Products */,
				2D16E6871FA4F8E400B85C8A /* Frameworks */,
				D65327D7A22EEC0BE12398D9 /* Pods */,
				F623886F9C35443A86991211 /* Resources */,
			);
			indentWidth = 2;
			sourceTree = "<group>";
			tabWidth = 2;
			usesTabs = 0;
		};
		83CBBA001A601CBA00E9B192 /* Products */ = {
			isa = PBXGroup;
			children = (
				13B07F961A680F5B00A75B9A /* weldm8mobile.app */,
			);
			name = Products;
			sourceTree = "<group>";
		};
		BB2F792B24A3F905000567C9 /* Supporting */ = {
			isa = PBXGroup;
			children = (
				BB2F792C24A3F905000567C9 /* Expo.plist */,
			);
			name = Supporting;
			path = weldm8mobile/Supporting;
			sourceTree = "<group>";
		};
		D65327D7A22EEC0BE12398D9 /* Pods */ = {
			isa = PBXGroup;
			children = (
				6C2E3173556A471DD304B334 /* Pods-weldm8mobile.debug.xcconfig */,
				7A4D352CD337FB3A3BF06240 /* Pods-weldm8mobile.release.xcconfig */,
			);
			path = Pods;
			sourceTree = "<group>";
		};
		F623886F9C35443A86991211 /* Resources */ = {
			isa = PBXGroup;
			children = (
				4847D28121DA4272A598E1C2 /* AntDesign.ttf */,
				3217D8D6BDCA404EA57CA2AC /* Entypo.ttf */,
				878A10379AA14B48B174C8D0 /* EvilIcons.ttf */,
				6C5DD91F3EB542BB98985F44 /* Feather.ttf */,
				244E4BEA1DA4433AA0C15058 /* FontAwesome.ttf */,
				0585D8390E7E4BC2AFD7387F /* FontAwesome5_Brands.ttf */,
				63032B9036CC4D3D99C2704F /* FontAwesome5_Regular.ttf */,
				E9E7FECC75C34910B7CBDDF0 /* FontAwesome5_Solid.ttf */,
				EC4A5FA46A514E74A960A003 /* Fontisto.ttf */,
				D25CE4801E034368A0EA343E /* Foundation.ttf */,
				FA3606F3A0204E7992C160CB /* Ionicons.ttf */,
				7068CF0CE8B84FC8AFB63D71 /* MaterialCommunityIcons.ttf */,
				657895498C0E4424BE590D0E /* MaterialIcons.ttf */,
				18945C58BE1A47C39E2123C2 /* Octicons.ttf */,
				E05C5B76C19E4ABFBA580D95 /* SimpleLineIcons.ttf */,
				F08D99D115B840428081DE3B /* Zocial.ttf */,
				97253FA686654E0588DAE80D /* home-icon.png */,
				AE3B05E648D84601A35B9105 /* mig-welding-icon-01.png */,
				F1F274C9A03246699B001DBC /* mig-welding-icon-02.png */,
				62D9BCF44438418B89AF43D1 /* settings-icon.png */,
				7550F9EACCED42DAAE1BEFE5 /* share-icon.png */,
				AE45BCE15EA94C87AAE21C99 /* stick-welding-icon.png */,
				F92B5D549A2F4638A2B20582 /* tig-welding-icon.png */,
				77CD47D2FB8A498F9A00351D /* videos-icon.png */,
				ADDA81FA85C840FEB96B6EF2 /* weldtech-app-top-banner.png */,
				2E03CACA300C4DD4B7159F40 /* weldtech-logo.png */,
				6BBD4E2E6ABA40029568945E /* HelveticaNowDisplay-ExtraBold.ttf */,
				F95771168C48460994B05ACF /* arrow-down.png */,
				E961EB1356B245C8943A09A0 /* home-icon.png */,
				323822BC7E324369B30D1B43 /* Home-inactive-icon.png */,
				B900E7277E4E4D4D8DAEA4AE /* ic_cancel_grey.png */,
				42F18776364748849FD5AA7E /* ic_drop_down.png */,
				ED79B18029E94E0DBB861FBD /* mig-welding-icon-01.png */,
				37B09C96FE4145F0A19AAB0C /* mig-welding-icon-02.png */,
				76E33E347A3F429B97AAD9A3 /* settings-active-icon.png */,
				95E1573E92C94CF289BC184A /* settings-icon.png */,
				E1B7B850281F465EAE553B35 /* share-active-icon.png */,
				2C65DFC88778405F8F39761C /* share-icon.png */,
				18D89FF0B6254F50A0191331 /* stick-welding-icon.png */,
				E5A108699E334ACC988450E0 /* tig-welding-icon.png */,
				9F10596813B340D99511D8C3 /* videos-active-icon.png */,
				CB8F2299229943319E4A950A /* videos-icon.png */,
				D74517293B3947D58F91AB97 /* weldtech-app-top-banner.png */,
				8CFB5966822448A2B6E93C37 /* weldtech-logo.png */,
				592C29DBA320487695A89E71 /* weldtech-splash-screen.jpg */,
				6641A8A5CBE44A179DB469CC /* weldtech-icon.png */,
				22D10F00DD9F4077A31BBB47 /* HelveticaNowDisplay-Black.otf */,
				7132B036BF1A433EBD241904 /* HelveticaNowDisplay-BlackIta.otf */,
				707BED004E0F4D0AA420A505 /* HelveticaNowDisplay-Bold.otf */,
				B68723BF99654EF9A2C804D3 /* HelveticaNowDisplay-BoldIta.otf */,
				C82DA3A757394BD7BB9E212D /* HelveticaNowDisplay-ExtBdIta.otf */,
				0CA6CCF150834BD895E73428 /* HelveticaNowDisplay-ExtBlk.otf */,
				C7312BF03A0F4214A837D880 /* HelveticaNowDisplay-ExtBlkIta.otf */,
				70DFB0B4426A40DBB78FCECA /* HelveticaNowDisplay-ExtLt.otf */,
				F26F7522B169452CBF0F6EAE /* HelveticaNowDisplay-ExtLtIta.otf */,
				1910EA4011D54526B91080E1 /* HelveticaNowDisplay-Hairline.otf */,
				B266C3E0B8D74145825AC721 /* HelveticaNowDisplay-HairlineI.otf */,
				8F3EF71B119B478C9A0E09A6 /* HelveticaNowDisplay-Light.otf */,
				E201D16B8DEF4EEA8362C4A2 /* HelveticaNowDisplay-LightIta.otf */,
				E6266CBFAAD4413A808E5F0F /* HelveticaNowDisplay-MedIta.otf */,
				B5C9CE63F3CD4EFA981D49DB /* HelveticaNowDisplay-Medium.otf */,
				51675B85A97D470FA1D2C011 /* HelveticaNowDisplay-RegIta.otf */,
				3209C51C1F2943F591CD4CB6 /* HelveticaNowDisplay-Regular.otf */,
				27428C71711D4DA1A2C8FE25 /* HelveticaNowDisplay-Thin.otf */,
				B219CA53FF304CA9BE9B800D /* HelveticaNowDisplay-ThinIta.otf */,
			);
			name = Resources;
			sourceTree = "<group>";
		};
		F967EC5D24F6B922003F9148 /* Fonts */ = {
			isa = PBXGroup;
			children = (
				F967EC6124F6B933003F9148 /* AntDesign.ttf */,
				F967EC6624F6B934003F9148 /* Entypo.ttf */,
				F967EC6024F6B933003F9148 /* EvilIcons.ttf */,
				F967EC6C24F6B934003F9148 /* Feather.ttf */,
				F967EC5F24F6B933003F9148 /* FontAwesome.ttf */,
				F967EC6524F6B933003F9148 /* FontAwesome5_Brands.ttf */,
				F967EC6D24F6B934003F9148 /* FontAwesome5_Regular.ttf */,
				F967EC6224F6B933003F9148 /* FontAwesome5_Solid.ttf */,
				F967EC6B24F6B934003F9148 /* Fontisto.ttf */,
				F967EC6924F6B934003F9148 /* Foundation.ttf */,
				F967EC6724F6B934003F9148 /* Ionicons.ttf */,
				F9472B7B24FBBD1400AFB00F /* HelveticaNowDisplayExtraBold.otf */,
				F9472B7D24FBBD1800AFB00F /* HelveticaNowDisplayRegular.otf */,
				F967EC6A24F6B934003F9148 /* MaterialCommunityIcons.ttf */,
				F967EC5E24F6B933003F9148 /* MaterialIcons.ttf */,
				F967EC6324F6B933003F9148 /* Octicons.ttf */,
				F967EC6424F6B933003F9148 /* SimpleLineIcons.ttf */,
				F967EC6824F6B934003F9148 /* Zocial.ttf */,
			);
			path = Fonts;
			sourceTree = "<group>";
		};
/* End PBXGroup section */

/* Begin PBXNativeTarget section */
		13B07F861A680F5B00A75B9A /* weldm8mobile */ = {
			isa = PBXNativeTarget;
			buildConfigurationList = 13B07F931A680F5B00A75B9A /* Build configuration list for PBXNativeTarget "weldm8mobile" */;
			buildPhases = (
				08A4A3CD28434E44B6B9DE2E /* [CP] Check Pods Manifest.lock */,
				FD10A7F022414F080027D42C /* Start Packager */,
				13B07F871A680F5B00A75B9A /* Sources */,
				13B07F8C1A680F5B00A75B9A /* Frameworks */,
				13B07F8E1A680F5B00A75B9A /* Resources */,
				00DD1BFF1BD5951E006B06BC /* Bundle React Native code and images */,
				00C2F4B24D67F20F61F818EC /* [CP] Copy Pods Resources */,
			);
			buildRules = (
			);
			dependencies = (
			);
			name = weldm8mobile;
			productName = weldm8mobile;
			productReference = 13B07F961A680F5B00A75B9A /* weldm8mobile.app */;
			productType = "com.apple.product-type.application";
		};
/* End PBXNativeTarget section */

/* Begin PBXProject section */
		83CBB9F71A601CBA00E9B192 /* Project object */ = {
			isa = PBXProject;
			attributes = {
				LastUpgradeCheck = 1130;
				TargetAttributes = {
					13B07F861A680F5B00A75B9A = {
						DevelopmentTeam = 58T4ABRG93;
						LastSwiftMigration = 1120;
					};
				};
			};
			buildConfigurationList = 83CBB9FA1A601CBA00E9B192 /* Build configuration list for PBXProject "weldm8mobile" */;
			compatibilityVersion = "Xcode 3.2";
			developmentRegion = en;
			hasScannedForEncodings = 0;
			knownRegions = (
				en,
				Base,
			);
			mainGroup = 83CBB9F61A601CBA00E9B192;
			productRefGroup = 83CBBA001A601CBA00E9B192 /* Products */;
			projectDirPath = "";
			projectRoot = "";
			targets = (
				13B07F861A680F5B00A75B9A /* weldm8mobile */,
			);
		};
/* End PBXProject section */

/* Begin PBXResourcesBuildPhase section */
		13B07F8E1A680F5B00A75B9A /* Resources */ = {
			isa = PBXResourcesBuildPhase;
			buildActionMask = 2147483647;
			files = (
				BB2F792D24A3F905000567C9 /* Expo.plist in Resources */,
				13B07FBF1A68108700A75B9A /* Images.xcassets in Resources */,
				13B07FBD1A68108700A75B9A /* LaunchScreen.xib in Resources */,
				3E461D99554A48A4959DE609 /* SplashScreen.storyboard in Resources */,
				D9CC996B8B2B4122884BD8CB /* arrow-down.png in Resources */,
				85BDB2560C094486A6A0146C /* Home-inactive-icon.png in Resources */,
				F9472B7E24FBBD1800AFB00F /* HelveticaNowDisplayRegular.otf in Resources */,
				890C6B8C44634381924611E2 /* ic_cancel_grey.png in Resources */,
				B9995F0C26DE4116A1FA87CB /* ic_drop_down.png in Resources */,
				5EEE6FDC3A304D02AE7E7D8D /* settings-active-icon.png in Resources */,
				888EB92B985F4E6DB1B0389B /* share-active-icon.png in Resources */,
				1753964818BB42A28916122B /* videos-active-icon.png in Resources */,
				609445010687434782AF430C /* videos-icon.png in Resources */,
				F9472B7C24FBBD1400AFB00F /* HelveticaNowDisplayExtraBold.otf in Resources */,
				414A49CAED134F4CB5138242 /* weldtech-splash-screen.jpg in Resources */,
				8CF00CE08F174E1FA4A2C10F /* weldtech-icon.png in Resources */,
			);
			runOnlyForDeploymentPostprocessing = 0;
		};
/* End PBXResourcesBuildPhase section */

/* Begin PBXShellScriptBuildPhase section */
		00C2F4B24D67F20F61F818EC /* [CP] Copy Pods Resources */ = {
			isa = PBXShellScriptBuildPhase;
			buildActionMask = 2147483647;
			files = (
			);
			inputPaths = (
				"${PODS_ROOT}/Target Support Files/Pods-weldm8mobile/Pods-weldm8mobile-resources.sh",
				"${PODS_ROOT}/../../node_modules/react-native-vector-icons/Fonts/AntDesign.ttf",
				"${PODS_ROOT}/../../node_modules/react-native-vector-icons/Fonts/Entypo.ttf",
				"${PODS_ROOT}/../../node_modules/react-native-vector-icons/Fonts/EvilIcons.ttf",
				"${PODS_ROOT}/../../node_modules/react-native-vector-icons/Fonts/Feather.ttf",
				"${PODS_ROOT}/../../node_modules/react-native-vector-icons/Fonts/FontAwesome.ttf",
				"${PODS_ROOT}/../../node_modules/react-native-vector-icons/Fonts/FontAwesome5_Brands.ttf",
				"${PODS_ROOT}/../../node_modules/react-native-vector-icons/Fonts/FontAwesome5_Regular.ttf",
				"${PODS_ROOT}/../../node_modules/react-native-vector-icons/Fonts/FontAwesome5_Solid.ttf",
				"${PODS_ROOT}/../../node_modules/react-native-vector-icons/Fonts/Fontisto.ttf",
				"${PODS_ROOT}/../../node_modules/react-native-vector-icons/Fonts/Foundation.ttf",
				"${PODS_ROOT}/../../node_modules/react-native-vector-icons/Fonts/Ionicons.ttf",
				"${PODS_ROOT}/../../node_modules/react-native-vector-icons/Fonts/MaterialCommunityIcons.ttf",
				"${PODS_ROOT}/../../node_modules/react-native-vector-icons/Fonts/MaterialIcons.ttf",
				"${PODS_ROOT}/../../node_modules/react-native-vector-icons/Fonts/Octicons.ttf",
				"${PODS_ROOT}/../../node_modules/react-native-vector-icons/Fonts/SimpleLineIcons.ttf",
				"${PODS_ROOT}/../../node_modules/react-native-vector-icons/Fonts/Zocial.ttf",
				"${PODS_ROOT}/YoutubePlayer-in-WKWebView/WKYTPlayerView/WKYTPlayerView.bundle",
			);
			name = "[CP] Copy Pods Resources";
			outputPaths = (
				"${TARGET_BUILD_DIR}/${UNLOCALIZED_RESOURCES_FOLDER_PATH}/AntDesign.ttf",
				"${TARGET_BUILD_DIR}/${UNLOCALIZED_RESOURCES_FOLDER_PATH}/Entypo.ttf",
				"${TARGET_BUILD_DIR}/${UNLOCALIZED_RESOURCES_FOLDER_PATH}/EvilIcons.ttf",
				"${TARGET_BUILD_DIR}/${UNLOCALIZED_RESOURCES_FOLDER_PATH}/Feather.ttf",
				"${TARGET_BUILD_DIR}/${UNLOCALIZED_RESOURCES_FOLDER_PATH}/FontAwesome.ttf",
				"${TARGET_BUILD_DIR}/${UNLOCALIZED_RESOURCES_FOLDER_PATH}/FontAwesome5_Brands.ttf",
				"${TARGET_BUILD_DIR}/${UNLOCALIZED_RESOURCES_FOLDER_PATH}/FontAwesome5_Regular.ttf",
				"${TARGET_BUILD_DIR}/${UNLOCALIZED_RESOURCES_FOLDER_PATH}/FontAwesome5_Solid.ttf",
				"${TARGET_BUILD_DIR}/${UNLOCALIZED_RESOURCES_FOLDER_PATH}/Fontisto.ttf",
				"${TARGET_BUILD_DIR}/${UNLOCALIZED_RESOURCES_FOLDER_PATH}/Foundation.ttf",
				"${TARGET_BUILD_DIR}/${UNLOCALIZED_RESOURCES_FOLDER_PATH}/Ionicons.ttf",
				"${TARGET_BUILD_DIR}/${UNLOCALIZED_RESOURCES_FOLDER_PATH}/MaterialCommunityIcons.ttf",
				"${TARGET_BUILD_DIR}/${UNLOCALIZED_RESOURCES_FOLDER_PATH}/MaterialIcons.ttf",
				"${TARGET_BUILD_DIR}/${UNLOCALIZED_RESOURCES_FOLDER_PATH}/Octicons.ttf",
				"${TARGET_BUILD_DIR}/${UNLOCALIZED_RESOURCES_FOLDER_PATH}/SimpleLineIcons.ttf",
				"${TARGET_BUILD_DIR}/${UNLOCALIZED_RESOURCES_FOLDER_PATH}/Zocial.ttf",
				"${TARGET_BUILD_DIR}/${UNLOCALIZED_RESOURCES_FOLDER_PATH}/WKYTPlayerView.bundle",
			);
			runOnlyForDeploymentPostprocessing = 0;
			shellPath = /bin/sh;
			shellScript = "\"${PODS_ROOT}/Target Support Files/Pods-weldm8mobile/Pods-weldm8mobile-resources.sh\"\n";
			showEnvVarsInLog = 0;
		};
		00DD1BFF1BD5951E006B06BC /* Bundle React Native code and images */ = {
			isa = PBXShellScriptBuildPhase;
			buildActionMask = 8;
			files = (
			);
			inputPaths = (
			);
			name = "Bundle React Native code and images";
			outputPaths = (
			);
			runOnlyForDeploymentPostprocessing = 1;
			shellPath = /bin/sh;
			shellScript = "export NODE_BINARY=node\n../node_modules/react-native/scripts/react-native-xcode.sh\n../node_modules/expo-updates/scripts/create-manifest-ios.sh\n";
		};
		08A4A3CD28434E44B6B9DE2E /* [CP] Check Pods Manifest.lock */ = {
			isa = PBXShellScriptBuildPhase;
			buildActionMask = 2147483647;
			files = (
			);
			inputFileListPaths = (
			);
			inputPaths = (
				"${PODS_PODFILE_DIR_PATH}/Podfile.lock",
				"${PODS_ROOT}/Manifest.lock",
			);
			name = "[CP] Check Pods Manifest.lock";
			outputFileListPaths = (
			);
			outputPaths = (
				"$(DERIVED_FILE_DIR)/Pods-weldm8mobile-checkManifestLockResult.txt",
			);
			runOnlyForDeploymentPostprocessing = 0;
			shellPath = /bin/sh;
			shellScript = "diff \"${PODS_PODFILE_DIR_PATH}/Podfile.lock\" \"${PODS_ROOT}/Manifest.lock\" > /dev/null\nif [ $? != 0 ] ; then\n    # print error to STDERR\n    echo \"error: The sandbox is not in sync with the Podfile.lock. Run 'pod install' or update your CocoaPods installation.\" >&2\n    exit 1\nfi\n# This output is used by Xcode 'outputs' to avoid re-running this script phase.\necho \"SUCCESS\" > \"${SCRIPT_OUTPUT_FILE_0}\"\n";
			showEnvVarsInLog = 0;
		};
		FD10A7F022414F080027D42C /* Start Packager */ = {
			isa = PBXShellScriptBuildPhase;
			buildActionMask = 2147483647;
			files = (
			);
			inputFileListPaths = (
			);
			inputPaths = (
			);
			name = "Start Packager";
			outputFileListPaths = (
			);
			outputPaths = (
			);
			runOnlyForDeploymentPostprocessing = 0;
			shellPath = /bin/sh;
			shellScript = "export RCT_METRO_PORT=\"${RCT_METRO_PORT:=8081}\"\necho \"export RCT_METRO_PORT=${RCT_METRO_PORT}\" > \"${SRCROOT}/../node_modules/react-native/scripts/.packager.env\"\nif [ -z \"${RCT_NO_LAUNCH_PACKAGER+xxx}\" ] ; then\n  if nc -w 5 -z localhost ${RCT_METRO_PORT} ; then\n    if ! curl -s \"http://localhost:${RCT_METRO_PORT}/status\" | grep -q \"packager-status:running\" ; then\n      echo \"Port ${RCT_METRO_PORT} already in use, packager is either not running or not running correctly\"\n      exit 2\n    fi\n  else\n    open \"$SRCROOT/../node_modules/react-native/scripts/launchPackager.command\" || echo \"Can't start packager automatically\"\n  fi\nfi\n";
			showEnvVarsInLog = 0;
		};
/* End PBXShellScriptBuildPhase section */

/* Begin PBXSourcesBuildPhase section */
		13B07F871A680F5B00A75B9A /* Sources */ = {
			isa = PBXSourcesBuildPhase;
			buildActionMask = 2147483647;
			files = (
				13B07FBC1A68108700A75B9A /* AppDelegate.m in Sources */,
				13B07FC11A68108700A75B9A /* main.m in Sources */,
			);
			runOnlyForDeploymentPostprocessing = 0;
		};
/* End PBXSourcesBuildPhase section */

/* Begin PBXVariantGroup section */
		13B07FB11A68108700A75B9A /* LaunchScreen.xib */ = {
			isa = PBXVariantGroup;
			children = (
				13B07FB21A68108700A75B9A /* Base */,
			);
			name = LaunchScreen.xib;
			path = weldm8mobile;
			sourceTree = "<group>";
		};
/* End PBXVariantGroup section */

/* Begin XCBuildConfiguration section */
		13B07F941A680F5B00A75B9A /* Debug */ = {
			isa = XCBuildConfiguration;
			baseConfigurationReference = 6C2E3173556A471DD304B334 /* Pods-weldm8mobile.debug.xcconfig */;
			buildSettings = {
				ASSETCATALOG_COMPILER_APPICON_NAME = AppIcon;
				CLANG_ENABLE_MODULES = YES;
				CURRENT_PROJECT_VERSION = 1;
				DEVELOPMENT_TEAM = 58T4ABRG93;
				ENABLE_BITCODE = NO;
				GCC_PREPROCESSOR_DEFINITIONS = (
					"$(inherited)",
					"FB_SONARKIT_ENABLED=1",
				);
				INFOPLIST_FILE = weldm8mobile/Info.plist;
				IPHONEOS_DEPLOYMENT_TARGET = 10.0;
				LD_RUNPATH_SEARCH_PATHS = "$(inherited) @executable_path/Frameworks";
				OTHER_LDFLAGS = (
					"$(inherited)",
					"-ObjC",
					"-lc++",
				);
				PRODUCT_BUNDLE_IDENTIFIER = org.weldm8mobile;
				PRODUCT_NAME = weldm8mobile;
				SWIFT_OPTIMIZATION_LEVEL = "-Onone";
				SWIFT_VERSION = 5.0;
				VERSIONING_SYSTEM = "apple-generic";
			};
			name = Debug;
		};
		13B07F951A680F5B00A75B9A /* Release */ = {
			isa = XCBuildConfiguration;
			baseConfigurationReference = 7A4D352CD337FB3A3BF06240 /* Pods-weldm8mobile.release.xcconfig */;
			buildSettings = {
				ASSETCATALOG_COMPILER_APPICON_NAME = AppIcon;
				CLANG_ENABLE_MODULES = YES;
				CURRENT_PROJECT_VERSION = 1;
				DEVELOPMENT_TEAM = 58T4ABRG93;
				INFOPLIST_FILE = weldm8mobile/Info.plist;
				IPHONEOS_DEPLOYMENT_TARGET = 10.0;
				LD_RUNPATH_SEARCH_PATHS = "$(inherited) @executable_path/Frameworks";
				OTHER_LDFLAGS = (
					"$(inherited)",
					"-ObjC",
					"-lc++",
				);
				PRODUCT_BUNDLE_IDENTIFIER = org.weldm8mobile;
				PRODUCT_NAME = weldm8mobile;
				SWIFT_VERSION = 5.0;
				VERSIONING_SYSTEM = "apple-generic";
			};
			name = Release;
		};
		83CBBA201A601CBA00E9B192 /* Debug */ = {
			isa = XCBuildConfiguration;
			buildSettings = {
				ALWAYS_SEARCH_USER_PATHS = NO;
				CLANG_ANALYZER_LOCALIZABILITY_NONLOCALIZED = YES;
				CLANG_CXX_LANGUAGE_STANDARD = "gnu++0x";
				CLANG_CXX_LIBRARY = "libc++";
				CLANG_ENABLE_MODULES = YES;
				CLANG_ENABLE_OBJC_ARC = YES;
				CLANG_WARN_BLOCK_CAPTURE_AUTORELEASING = YES;
				CLANG_WARN_BOOL_CONVERSION = YES;
				CLANG_WARN_COMMA = YES;
				CLANG_WARN_CONSTANT_CONVERSION = YES;
				CLANG_WARN_DEPRECATED_OBJC_IMPLEMENTATIONS = YES;
				CLANG_WARN_DIRECT_OBJC_ISA_USAGE = YES_ERROR;
				CLANG_WARN_EMPTY_BODY = YES;
				CLANG_WARN_ENUM_CONVERSION = YES;
				CLANG_WARN_INFINITE_RECURSION = YES;
				CLANG_WARN_INT_CONVERSION = YES;
				CLANG_WARN_NON_LITERAL_NULL_CONVERSION = YES;
				CLANG_WARN_OBJC_IMPLICIT_RETAIN_SELF = YES;
				CLANG_WARN_OBJC_LITERAL_CONVERSION = YES;
				CLANG_WARN_OBJC_ROOT_CLASS = YES_ERROR;
				CLANG_WARN_RANGE_LOOP_ANALYSIS = YES;
				CLANG_WARN_STRICT_PROTOTYPES = YES;
				CLANG_WARN_SUSPICIOUS_MOVE = YES;
				CLANG_WARN_UNREACHABLE_CODE = YES;
				CLANG_WARN__DUPLICATE_METHOD_MATCH = YES;
				"CODE_SIGN_IDENTITY[sdk=iphoneos*]" = "iPhone Developer";
				COPY_PHASE_STRIP = NO;
				ENABLE_STRICT_OBJC_MSGSEND = YES;
				ENABLE_TESTABILITY = YES;
				GCC_C_LANGUAGE_STANDARD = gnu99;
				GCC_DYNAMIC_NO_PIC = NO;
				GCC_NO_COMMON_BLOCKS = YES;
				GCC_OPTIMIZATION_LEVEL = 0;
				GCC_PREPROCESSOR_DEFINITIONS = (
					"DEBUG=1",
					"$(inherited)",
				);
				GCC_SYMBOLS_PRIVATE_EXTERN = NO;
				GCC_WARN_64_TO_32_BIT_CONVERSION = YES;
				GCC_WARN_ABOUT_RETURN_TYPE = YES_ERROR;
				GCC_WARN_UNDECLARED_SELECTOR = YES;
				GCC_WARN_UNINITIALIZED_AUTOS = YES_AGGRESSIVE;
				GCC_WARN_UNUSED_FUNCTION = YES;
				GCC_WARN_UNUSED_VARIABLE = YES;
				IPHONEOS_DEPLOYMENT_TARGET = 10.0;
				LD_RUNPATH_SEARCH_PATHS = "/usr/lib/swift $(inherited)";
				LIBRARY_SEARCH_PATHS = (
					"\"$(TOOLCHAIN_DIR)/usr/lib/swift/$(PLATFORM_NAME)\"",
					"\"$(TOOLCHAIN_DIR)/usr/lib/swift-5.0/$(PLATFORM_NAME)\"",
					"\"$(inherited)\"",
				);
				MTL_ENABLE_DEBUG_INFO = YES;
				ONLY_ACTIVE_ARCH = YES;
				SDKROOT = iphoneos;
			};
			name = Debug;
		};
		83CBBA211A601CBA00E9B192 /* Release */ = {
			isa = XCBuildConfiguration;
			buildSettings = {
				ALWAYS_SEARCH_USER_PATHS = NO;
				CLANG_ANALYZER_LOCALIZABILITY_NONLOCALIZED = YES;
				CLANG_CXX_LANGUAGE_STANDARD = "gnu++0x";
				CLANG_CXX_LIBRARY = "libc++";
				CLANG_ENABLE_MODULES = YES;
				CLANG_ENABLE_OBJC_ARC = YES;
				CLANG_WARN_BLOCK_CAPTURE_AUTORELEASING = YES;
				CLANG_WARN_BOOL_CONVERSION = YES;
				CLANG_WARN_COMMA = YES;
				CLANG_WARN_CONSTANT_CONVERSION = YES;
				CLANG_WARN_DEPRECATED_OBJC_IMPLEMENTATIONS = YES;
				CLANG_WARN_DIRECT_OBJC_ISA_USAGE = YES_ERROR;
				CLANG_WARN_EMPTY_BODY = YES;
				CLANG_WARN_ENUM_CONVERSION = YES;
				CLANG_WARN_INFINITE_RECURSION = YES;
				CLANG_WARN_INT_CONVERSION = YES;
				CLANG_WARN_NON_LITERAL_NULL_CONVERSION = YES;
				CLANG_WARN_OBJC_IMPLICIT_RETAIN_SELF = YES;
				CLANG_WARN_OBJC_LITERAL_CONVERSION = YES;
				CLANG_WARN_OBJC_ROOT_CLASS = YES_ERROR;
				CLANG_WARN_RANGE_LOOP_ANALYSIS = YES;
				CLANG_WARN_STRICT_PROTOTYPES = YES;
				CLANG_WARN_SUSPICIOUS_MOVE = YES;
				CLANG_WARN_UNREACHABLE_CODE = YES;
				CLANG_WARN__DUPLICATE_METHOD_MATCH = YES;
				"CODE_SIGN_IDENTITY[sdk=iphoneos*]" = "iPhone Developer";
				COPY_PHASE_STRIP = YES;
				ENABLE_NS_ASSERTIONS = NO;
				ENABLE_STRICT_OBJC_MSGSEND = YES;
				GCC_C_LANGUAGE_STANDARD = gnu99;
				GCC_NO_COMMON_BLOCKS = YES;
				GCC_WARN_64_TO_32_BIT_CONVERSION = YES;
				GCC_WARN_ABOUT_RETURN_TYPE = YES_ERROR;
				GCC_WARN_UNDECLARED_SELECTOR = YES;
				GCC_WARN_UNINITIALIZED_AUTOS = YES_AGGRESSIVE;
				GCC_WARN_UNUSED_FUNCTION = YES;
				GCC_WARN_UNUSED_VARIABLE = YES;
				IPHONEOS_DEPLOYMENT_TARGET = 10.0;
				LD_RUNPATH_SEARCH_PATHS = "/usr/lib/swift $(inherited)";
				LIBRARY_SEARCH_PATHS = (
					"\"$(TOOLCHAIN_DIR)/usr/lib/swift/$(PLATFORM_NAME)\"",
					"\"$(TOOLCHAIN_DIR)/usr/lib/swift-5.0/$(PLATFORM_NAME)\"",
					"\"$(inherited)\"",
				);
				MTL_ENABLE_DEBUG_INFO = NO;
				SDKROOT = iphoneos;
				VALIDATE_PRODUCT = YES;
			};
			name = Release;
		};
/* End XCBuildConfiguration section */

/* Begin XCConfigurationList section */
		13B07F931A680F5B00A75B9A /* Build configuration list for PBXNativeTarget "weldm8mobile" */ = {
			isa = XCConfigurationList;
			buildConfigurations = (
				13B07F941A680F5B00A75B9A /* Debug */,
				13B07F951A680F5B00A75B9A /* Release */,
			);
			defaultConfigurationIsVisible = 0;
			defaultConfigurationName = Release;
		};
		83CBB9FA1A601CBA00E9B192 /* Build configuration list for PBXProject "weldm8mobile" */ = {
			isa = XCConfigurationList;
			buildConfigurations = (
				83CBBA201A601CBA00E9B192 /* Debug */,
				83CBBA211A601CBA00E9B192 /* Release */,
			);
			defaultConfigurationIsVisible = 0;
			defaultConfigurationName = Release;
		};
/* End XCConfigurationList section */
	};
	rootObject = 83CBB9F71A601CBA00E9B192 /* Project object */;
}
